
Microsoft Visual Studio Solution File, Format Version 12.00
# Visual Studio Version 17
VisualStudioVersion = 17.11.35222.181
MinimumVisualStudioVersion = 10.0.40219.1
Project("{FAE04EC0-301F-11D3-BF4B-00C04F79EFBC}") = "UnderstandingCollectionsApp", "UnderstandingCollectionsApp\UnderstandingCollectionsApp.csproj", "{BDB603BA-F743-482C-BDF1-A02BC20D1561}"
EndProject
Global
	GlobalSection(SolutionConfigurationPlatforms) = preSolution
		Debug|Any CPU = Debug|Any CPU
		Release|Any CPU = Release|Any CPU
	EndGlobalSection
	GlobalSection(ProjectConfigurationPlatforms) = postSolution
		{BDB603BA-F743-482C-BDF1-A02BC20D1561}.Debug|Any CPU.ActiveCfg = Debug|Any CPU
		{BDB603BA-F743-482C-BDF1-A02BC20D1561}.Debug|Any CPU.Build.0 = Debug|Any CPU
		{BDB603BA-F743-482C-BDF1-A02BC20D1561}.Release|Any CPU.ActiveCfg = Release|Any CPU
		{BDB603BA-F743-482C-BDF1-A02BC20D1561}.Release|Any CPU.Build.0 = Release|Any CPU
	EndGlobalSection
	GlobalSection(SolutionProperties) = preSolution
		HideSolutionNode = FALSE
	EndGlobalSection
	GlobalSection(ExtensibilityGlobals) = postSolution
		SolutionGuid = {2D65A545-BF55-4547-8E7A-27CB1B3A6F92}
	EndGlobalSection
EndGlobal
