
Microsoft Visual Studio Solution File, Format Version 12.00
# Visual Studio Version 17
VisualStudioVersion = 17.11.35222.181
MinimumVisualStudioVersion = 10.0.40219.1
Project("{FAE04EC0-301F-11D3-BF4B-00C04F79EFBC}") = "AbstractFactoryDpApp", "AbstractFactoryDpApp\AbstractFactoryDpApp.csproj", "{1DEFD1DC-995F-4644-B91D-FF935F550773}"
EndProject
Global
	GlobalSection(SolutionConfigurationPlatforms) = preSolution
		Debug|Any CPU = Debug|Any CPU
		Release|Any CPU = Release|Any CPU
	EndGlobalSection
	GlobalSection(ProjectConfigurationPlatforms) = postSolution
		{1DEFD1DC-995F-4644-B91D-FF935F550773}.Debug|Any CPU.ActiveCfg = Debug|Any CPU
		{1DEFD1DC-995F-4644-B91D-FF935F550773}.Debug|Any CPU.Build.0 = Debug|Any CPU
		{1DEFD1DC-995F-4644-B91D-FF935F550773}.Release|Any CPU.ActiveCfg = Release|Any CPU
		{1DEFD1DC-995F-4644-B91D-FF935F550773}.Release|Any CPU.Build.0 = Release|Any CPU
	EndGlobalSection
	GlobalSection(SolutionProperties) = preSolution
		HideSolutionNode = FALSE
	EndGlobalSection
	GlobalSection(ExtensibilityGlobals) = postSolution
		SolutionGuid = {452F0A77-F22A-49BD-9466-A0A8FEC420C3}
	EndGlobalSection
EndGlobal
