
Microsoft Visual Studio Solution File, Format Version 12.00
# Visual Studio Version 17
VisualStudioVersion = 17.11.35222.181
MinimumVisualStudioVersion = 10.0.40219.1
Project("{FAE04EC0-301F-11D3-BF4B-00C04F79EFBC}") = "PizzaStoreApp", "PizzaStoreApp\PizzaStoreApp.csproj", "{4214A500-81F6-4D28-80BE-026365632FC1}"
EndProject
Global
	GlobalSection(SolutionConfigurationPlatforms) = preSolution
		Debug|Any CPU = Debug|Any CPU
		Release|Any CPU = Release|Any CPU
	EndGlobalSection
	GlobalSection(ProjectConfigurationPlatforms) = postSolution
		{4214A500-81F6-4D28-80BE-026365632FC1}.Debug|Any CPU.ActiveCfg = Debug|Any CPU
		{4214A500-81F6-4D28-80BE-026365632FC1}.Debug|Any CPU.Build.0 = Debug|Any CPU
		{4214A500-81F6-4D28-80BE-026365632FC1}.Release|Any CPU.ActiveCfg = Release|Any CPU
		{4214A500-81F6-4D28-80BE-026365632FC1}.Release|Any CPU.Build.0 = Release|Any CPU
	EndGlobalSection
	GlobalSection(SolutionProperties) = preSolution
		HideSolutionNode = FALSE
	EndGlobalSection
	GlobalSection(ExtensibilityGlobals) = postSolution
		SolutionGuid = {3DE29444-C4FF-4F1A-80C6-2F224EE1716E}
	EndGlobalSection
EndGlobal
