
Microsoft Visual Studio Solution File, Format Version 12.00
# Visual Studio Version 17
VisualStudioVersion = 17.11.35222.181
MinimumVisualStudioVersion = 10.0.40219.1
Project("{9A19103F-16F7-4668-BE54-9A1E7A4F7556}") = "InsuraceClaimApp", "InsuraceClaimApp\InsuraceClaimApp.csproj", "{410B4A33-6ABB-4821-958A-16EAE9A0F082}"
EndProject
Project("{FAE04EC0-301F-11D3-BF4B-00C04F79EFBC}") = "InsuranceClaimTest", "InsuranceClaimTest\InsuranceClaimTest.csproj", "{C12E4206-A2E9-4541-8218-1D4B8BF07650}"
EndProject
Global
	GlobalSection(SolutionConfigurationPlatforms) = preSolution
		Debug|Any CPU = Debug|Any CPU
		Release|Any CPU = Release|Any CPU
	EndGlobalSection
	GlobalSection(ProjectConfigurationPlatforms) = postSolution
		{410B4A33-6ABB-4821-958A-16EAE9A0F082}.Debug|Any CPU.ActiveCfg = Debug|Any CPU
		{410B4A33-6ABB-4821-958A-16EAE9A0F082}.Debug|Any CPU.Build.0 = Debug|Any CPU
		{410B4A33-6ABB-4821-958A-16EAE9A0F082}.Release|Any CPU.ActiveCfg = Release|Any CPU
		{410B4A33-6ABB-4821-958A-16EAE9A0F082}.Release|Any CPU.Build.0 = Release|Any CPU
		{C12E4206-A2E9-4541-8218-1D4B8BF07650}.Debug|Any CPU.ActiveCfg = Debug|Any CPU
		{C12E4206-A2E9-4541-8218-1D4B8BF07650}.Debug|Any CPU.Build.0 = Debug|Any CPU
		{C12E4206-A2E9-4541-8218-1D4B8BF07650}.Release|Any CPU.ActiveCfg = Release|Any CPU
		{C12E4206-A2E9-4541-8218-1D4B8BF07650}.Release|Any CPU.Build.0 = Release|Any CPU
	EndGlobalSection
	GlobalSection(SolutionProperties) = preSolution
		HideSolutionNode = FALSE
	EndGlobalSection
	GlobalSection(ExtensibilityGlobals) = postSolution
		SolutionGuid = {DD12E5F8-8D29-4E37-8DCE-8EF2F72049E0}
	EndGlobalSection
EndGlobal
