
Microsoft Visual Studio Solution File, Format Version 12.00
# Visual Studio Version 17
VisualStudioVersion = 17.11.35222.181
MinimumVisualStudioVersion = 10.0.40219.1
Project("{FAE04EC0-301F-11D3-BF4B-00C04F79EFBC}") = "PizzaStoreAPI", "PizzaStoreAPI\PizzaStoreAPI.csproj", "{595EF95E-27E8-45D9-861F-0F9070E17754}"
EndProject
Global
	GlobalSection(SolutionConfigurationPlatforms) = preSolution
		Debug|Any CPU = Debug|Any CPU
		Release|Any CPU = Release|Any CPU
	EndGlobalSection
	GlobalSection(ProjectConfigurationPlatforms) = postSolution
		{595EF95E-27E8-45D9-861F-0F9070E17754}.Debug|Any CPU.ActiveCfg = Debug|Any CPU
		{595EF95E-27E8-45D9-861F-0F9070E17754}.Debug|Any CPU.Build.0 = Debug|Any CPU
		{595EF95E-27E8-45D9-861F-0F9070E17754}.Release|Any CPU.ActiveCfg = Release|Any CPU
		{595EF95E-27E8-45D9-861F-0F9070E17754}.Release|Any CPU.Build.0 = Release|Any CPU
	EndGlobalSection
	GlobalSection(SolutionProperties) = preSolution
		HideSolutionNode = FALSE
	EndGlobalSection
	GlobalSection(ExtensibilityGlobals) = postSolution
		SolutionGuid = {8E3F1848-3DA9-42D4-8546-6E745A29B7E6}
	EndGlobalSection
EndGlobal
