
Microsoft Visual Studio Solution File, Format Version 12.00
# Visual Studio Version 17
VisualStudioVersion = 17.11.35222.181
MinimumVisualStudioVersion = 10.0.40219.1
Project("{FAE04EC0-301F-11D3-BF4B-00C04F79EFBC}") = "BankTansactionsApp", "BankTansactionsApp\BankTansactionsApp.csproj", "{6C562845-7FEE-4A7F-B0F1-4699D48C3BAE}"
EndProject
Global
	GlobalSection(SolutionConfigurationPlatforms) = preSolution
		Debug|Any CPU = Debug|Any CPU
		Release|Any CPU = Release|Any CPU
	EndGlobalSection
	GlobalSection(ProjectConfigurationPlatforms) = postSolution
		{6C562845-7FEE-4A7F-B0F1-4699D48C3BAE}.Debug|Any CPU.ActiveCfg = Debug|Any CPU
		{6C562845-7FEE-4A7F-B0F1-4699D48C3BAE}.Debug|Any CPU.Build.0 = Debug|Any CPU
		{6C562845-7FEE-4A7F-B0F1-4699D48C3BAE}.Release|Any CPU.ActiveCfg = Release|Any CPU
		{6C562845-7FEE-4A7F-B0F1-4699D48C3BAE}.Release|Any CPU.Build.0 = Release|Any CPU
	EndGlobalSection
	GlobalSection(SolutionProperties) = preSolution
		HideSolutionNode = FALSE
	EndGlobalSection
	GlobalSection(ExtensibilityGlobals) = postSolution
		SolutionGuid = {43083CF1-06F5-4A46-B54D-387ABE30888C}
	EndGlobalSection
EndGlobal
