
Microsoft Visual Studio Solution File, Format Version 12.00
# Visual Studio Version 17
VisualStudioVersion = 17.11.35222.181
MinimumVisualStudioVersion = 10.0.40219.1
Project("{FAE04EC0-301F-11D3-BF4B-00C04F79EFBC}") = "WordProcessorApp1", "WordProcessorApp1\WordProcessorApp1.csproj", "{56449597-F7E9-4869-9666-7DECF1DD1D0F}"
EndProject
Global
	GlobalSection(SolutionConfigurationPlatforms) = preSolution
		Debug|Any CPU = Debug|Any CPU
		Release|Any CPU = Release|Any CPU
	EndGlobalSection
	GlobalSection(ProjectConfigurationPlatforms) = postSolution
		{56449597-F7E9-4869-9666-7DECF1DD1D0F}.Debug|Any CPU.ActiveCfg = Debug|Any CPU
		{56449597-F7E9-4869-9666-7DECF1DD1D0F}.Debug|Any CPU.Build.0 = Debug|Any CPU
		{56449597-F7E9-4869-9666-7DECF1DD1D0F}.Release|Any CPU.ActiveCfg = Release|Any CPU
		{56449597-F7E9-4869-9666-7DECF1DD1D0F}.Release|Any CPU.Build.0 = Release|Any CPU
	EndGlobalSection
	GlobalSection(SolutionProperties) = preSolution
		HideSolutionNode = FALSE
	EndGlobalSection
	GlobalSection(ExtensibilityGlobals) = postSolution
		SolutionGuid = {F24FA893-722E-4F86-B981-DF637EA0CF7B}
	EndGlobalSection
EndGlobal
