
Microsoft Visual Studio Solution File, Format Version 12.00
# Visual Studio Version 17
VisualStudioVersion = 17.11.35222.181
MinimumVisualStudioVersion = 10.0.40219.1
Project("{FAE04EC0-301F-11D3-BF4B-00C04F79EFBC}") = "SpellBee", "SpellBee\SpellBee.csproj", "{8D4A6E09-B1D3-4FD6-AAD1-677853E10559}"
EndProject
Global
	GlobalSection(SolutionConfigurationPlatforms) = preSolution
		Debug|Any CPU = Debug|Any CPU
		Release|Any CPU = Release|Any CPU
	EndGlobalSection
	GlobalSection(ProjectConfigurationPlatforms) = postSolution
		{8D4A6E09-B1D3-4FD6-AAD1-677853E10559}.Debug|Any CPU.ActiveCfg = Debug|Any CPU
		{8D4A6E09-B1D3-4FD6-AAD1-677853E10559}.Debug|Any CPU.Build.0 = Debug|Any CPU
		{8D4A6E09-B1D3-4FD6-AAD1-677853E10559}.Release|Any CPU.ActiveCfg = Release|Any CPU
		{8D4A6E09-B1D3-4FD6-AAD1-677853E10559}.Release|Any CPU.Build.0 = Release|Any CPU
	EndGlobalSection
	GlobalSection(SolutionProperties) = preSolution
		HideSolutionNode = FALSE
	EndGlobalSection
	GlobalSection(ExtensibilityGlobals) = postSolution
		SolutionGuid = {8ADE6B82-D12B-4015-80CA-BC4D2FC3F07F}
	EndGlobalSection
EndGlobal
