
Microsoft Visual Studio Solution File, Format Version 12.00
# Visual Studio Version 17
VisualStudioVersion = 17.11.35222.181
MinimumVisualStudioVersion = 10.0.40219.1
Project("{FAE04EC0-301F-11D3-BF4B-00C04F79EFBC}") = "ClinicManagementApp", "ClinicManagementApp\ClinicManagementApp.csproj", "{72BE414D-0B47-4CCC-8BDA-D599ACDDDC71}"
EndProject
Global
	GlobalSection(SolutionConfigurationPlatforms) = preSolution
		Debug|Any CPU = Debug|Any CPU
		Release|Any CPU = Release|Any CPU
	EndGlobalSection
	GlobalSection(ProjectConfigurationPlatforms) = postSolution
		{72BE414D-0B47-4CCC-8BDA-D599ACDDDC71}.Debug|Any CPU.ActiveCfg = Debug|Any CPU
		{72BE414D-0B47-4CCC-8BDA-D599ACDDDC71}.Debug|Any CPU.Build.0 = Debug|Any CPU
		{72BE414D-0B47-4CCC-8BDA-D599ACDDDC71}.Release|Any CPU.ActiveCfg = Release|Any CPU
		{72BE414D-0B47-4CCC-8BDA-D599ACDDDC71}.Release|Any CPU.Build.0 = Release|Any CPU
	EndGlobalSection
	GlobalSection(SolutionProperties) = preSolution
		HideSolutionNode = FALSE
	EndGlobalSection
	GlobalSection(ExtensibilityGlobals) = postSolution
		SolutionGuid = {B0122527-C7EB-457A-9927-31D04FF52A85}
	EndGlobalSection
EndGlobal
