
Microsoft Visual Studio Solution File, Format Version 12.00
# Visual Studio Version 17
VisualStudioVersion = 17.11.35222.181
MinimumVisualStudioVersion = 10.0.40219.1
Project("{FAE04EC0-301F-11D3-BF4B-00C04F79EFBC}") = "BuilderDesignPatternApp", "BuilderDesignPatternApp\BuilderDesignPatternApp.csproj", "{88AEDF9A-7DC9-4254-A018-F2B14A6EA1DF}"
EndProject
Global
	GlobalSection(SolutionConfigurationPlatforms) = preSolution
		Debug|Any CPU = Debug|Any CPU
		Release|Any CPU = Release|Any CPU
	EndGlobalSection
	GlobalSection(ProjectConfigurationPlatforms) = postSolution
		{88AEDF9A-7DC9-4254-A018-F2B14A6EA1DF}.Debug|Any CPU.ActiveCfg = Debug|Any CPU
		{88AEDF9A-7DC9-4254-A018-F2B14A6EA1DF}.Debug|Any CPU.Build.0 = Debug|Any CPU
		{88AEDF9A-7DC9-4254-A018-F2B14A6EA1DF}.Release|Any CPU.ActiveCfg = Release|Any CPU
		{88AEDF9A-7DC9-4254-A018-F2B14A6EA1DF}.Release|Any CPU.Build.0 = Release|Any CPU
	EndGlobalSection
	GlobalSection(SolutionProperties) = preSolution
		HideSolutionNode = FALSE
	EndGlobalSection
	GlobalSection(ExtensibilityGlobals) = postSolution
		SolutionGuid = {B64CEE6F-C5EE-4104-8C18-088CF0BA970A}
	EndGlobalSection
EndGlobal
