
Microsoft Visual Studio Solution File, Format Version 12.00
# Visual Studio Version 17
VisualStudioVersion = 17.11.35222.181
MinimumVisualStudioVersion = 10.0.40219.1
Project("{FAE04EC0-301F-11D3-BF4B-00C04F79EFBC}") = "UnderstandingOOPSApp", "UnderstandingOOPSApp\UnderstandingOOPSApp.csproj", "{60471E98-4817-4590-B26D-A0E5223CA952}"
EndProject
Global
	GlobalSection(SolutionConfigurationPlatforms) = preSolution
		Debug|Any CPU = Debug|Any CPU
		Release|Any CPU = Release|Any CPU
	EndGlobalSection
	GlobalSection(ProjectConfigurationPlatforms) = postSolution
		{60471E98-4817-4590-B26D-A0E5223CA952}.Debug|Any CPU.ActiveCfg = Debug|Any CPU
		{60471E98-4817-4590-B26D-A0E5223CA952}.Debug|Any CPU.Build.0 = Debug|Any CPU
		{60471E98-4817-4590-B26D-A0E5223CA952}.Release|Any CPU.ActiveCfg = Release|Any CPU
		{60471E98-4817-4590-B26D-A0E5223CA952}.Release|Any CPU.Build.0 = Release|Any CPU
	EndGlobalSection
	GlobalSection(SolutionProperties) = preSolution
		HideSolutionNode = FALSE
	EndGlobalSection
	GlobalSection(ExtensibilityGlobals) = postSolution
		SolutionGuid = {CF9DD5ED-112B-4189-B247-1A08C717CE4D}
	EndGlobalSection
EndGlobal
